
Microsoft Visual Studio Solution File, Format Version 12.00
Project("{FAE04EC0-301F-11D3-BF4B-00C04F79EFBC}") = "RayTracer", "RayTracer\RayTracer.csproj", "{455DC63A-E4B9-4438-94E4-4DF1F765EB48}"
EndProject
Global
	GlobalSection(SolutionConfigurationPlatforms) = preSolution
		Debug|Any CPU = Debug|Any CPU
		Release|Any CPU = Release|Any CPU
	EndGlobalSection
	GlobalSection(ProjectConfigurationPlatforms) = postSolution
		{455DC63A-E4B9-4438-94E4-4DF1F765EB48}.Debug|Any CPU.ActiveCfg = Debug|Any CPU
		{455DC63A-E4B9-4438-94E4-4DF1F765EB48}.Debug|Any CPU.Build.0 = Debug|Any CPU
		{455DC63A-E4B9-4438-94E4-4DF1F765EB48}.Release|Any CPU.ActiveCfg = Release|Any CPU
		{455DC63A-E4B9-4438-94E4-4DF1F765EB48}.Release|Any CPU.Build.0 = Release|Any CPU
	EndGlobalSection
EndGlobal
